
Microsoft Visual Studio Solution File, Format Version 12.00
# Visual Studio Version 17
VisualStudioVersion = 17.0.31903.59
MinimumVisualStudioVersion = 10.0.40219.1
Project("{FAE04EC0-301F-11D3-BF4B-00C04F79EFBC}") = "SunoManager.Core", "SunoManager.Core\SunoManager.Core.csproj", "{E39A315B-8A31-4095-BB7F-0B3FD1EBA70C}"
EndProject
Project("{FAE04EC0-301F-11D3-BF4B-00C04F79EFBC}") = "SunoManager.Cli", "SunoManager.Cli\SunoManager.Cli.csproj", "{FFE9C00C-0F2A-4481-B16B-245D63548A2F}"
EndProject
Project("{FAE04EC0-301F-11D3-BF4B-00C04F79EFBC}") = "SunoManager.Mcp", "SunoManager.Mcp\SunoManager.Mcp.csproj", "{8E92AE00-CE8E-4144-8EF7-A3DDF51B57D2}"
EndProject
Global
	GlobalSection(SolutionConfigurationPlatforms) = preSolution
		Debug|Any CPU = Debug|Any CPU
		Debug|x64 = Debug|x64
		Debug|x86 = Debug|x86
		Release|Any CPU = Release|Any CPU
		Release|x64 = Release|x64
		Release|x86 = Release|x86
	EndGlobalSection
	GlobalSection(ProjectConfigurationPlatforms) = postSolution
		{E39A315B-8A31-4095-BB7F-0B3FD1EBA70C}.Debug|Any CPU.ActiveCfg = Debug|Any CPU
		{E39A315B-8A31-4095-BB7F-0B3FD1EBA70C}.Debug|Any CPU.Build.0 = Debug|Any CPU
		{E39A315B-8A31-4095-BB7F-0B3FD1EBA70C}.Debug|x64.ActiveCfg = Debug|Any CPU
		{E39A315B-8A31-4095-BB7F-0B3FD1EBA70C}.Debug|x64.Build.0 = Debug|Any CPU
		{E39A315B-8A31-4095-BB7F-0B3FD1EBA70C}.Debug|x86.ActiveCfg = Debug|Any CPU
		{E39A315B-8A31-4095-BB7F-0B3FD1EBA70C}.Debug|x86.Build.0 = Debug|Any CPU
		{E39A315B-8A31-4095-BB7F-0B3FD1EBA70C}.Release|Any CPU.ActiveCfg = Release|Any CPU
		{E39A315B-8A31-4095-BB7F-0B3FD1EBA70C}.Release|Any CPU.Build.0 = Release|Any CPU
		{E39A315B-8A31-4095-BB7F-0B3FD1EBA70C}.Release|x64.ActiveCfg = Release|Any CPU
		{E39A315B-8A31-4095-BB7F-0B3FD1EBA70C}.Release|x64.Build.0 = Release|Any CPU
		{E39A315B-8A31-4095-BB7F-0B3FD1EBA70C}.Release|x86.ActiveCfg = Release|Any CPU
		{E39A315B-8A31-4095-BB7F-0B3FD1EBA70C}.Release|x86.Build.0 = Release|Any CPU
		{FFE9C00C-0F2A-4481-B16B-245D63548A2F}.Debug|Any CPU.ActiveCfg = Debug|Any CPU
		{FFE9C00C-0F2A-4481-B16B-245D63548A2F}.Debug|Any CPU.Build.0 = Debug|Any CPU
		{FFE9C00C-0F2A-4481-B16B-245D63548A2F}.Debug|x64.ActiveCfg = Debug|Any CPU
		{FFE9C00C-0F2A-4481-B16B-245D63548A2F}.Debug|x64.Build.0 = Debug|Any CPU
		{FFE9C00C-0F2A-4481-B16B-245D63548A2F}.Debug|x86.ActiveCfg = Debug|Any CPU
		{FFE9C00C-0F2A-4481-B16B-245D63548A2F}.Debug|x86.Build.0 = Debug|Any CPU
		{FFE9C00C-0F2A-4481-B16B-245D63548A2F}.Release|Any CPU.ActiveCfg = Release|Any CPU
		{FFE9C00C-0F2A-4481-B16B-245D63548A2F}.Release|Any CPU.Build.0 = Release|Any CPU
		{FFE9C00C-0F2A-4481-B16B-245D63548A2F}.Release|x64.ActiveCfg = Release|Any CPU
		{FFE9C00C-0F2A-4481-B16B-245D63548A2F}.Release|x64.Build.0 = Release|Any CPU
		{FFE9C00C-0F2A-4481-B16B-245D63548A2F}.Release|x86.ActiveCfg = Release|Any CPU
		{FFE9C00C-0F2A-4481-B16B-245D63548A2F}.Release|x86.Build.0 = Release|Any CPU
		{8E92AE00-CE8E-4144-8EF7-A3DDF51B57D2}.Debug|Any CPU.ActiveCfg = Debug|Any CPU
		{8E92AE00-CE8E-4144-8EF7-A3DDF51B57D2}.Debug|Any CPU.Build.0 = Debug|Any CPU
		{8E92AE00-CE8E-4144-8EF7-A3DDF51B57D2}.Debug|x64.ActiveCfg = Debug|Any CPU
		{8E92AE00-CE8E-4144-8EF7-A3DDF51B57D2}.Debug|x64.Build.0 = Debug|Any CPU
		{8E92AE00-CE8E-4144-8EF7-A3DDF51B57D2}.Debug|x86.ActiveCfg = Debug|Any CPU
		{8E92AE00-CE8E-4144-8EF7-A3DDF51B57D2}.Debug|x86.Build.0 = Debug|Any CPU
		{8E92AE00-CE8E-4144-8EF7-A3DDF51B57D2}.Release|Any CPU.ActiveCfg = Release|Any CPU
		{8E92AE00-CE8E-4144-8EF7-A3DDF51B57D2}.Release|Any CPU.Build.0 = Release|Any CPU
		{8E92AE00-CE8E-4144-8EF7-A3DDF51B57D2}.Release|x64.ActiveCfg = Release|Any CPU
		{8E92AE00-CE8E-4144-8EF7-A3DDF51B57D2}.Release|x64.Build.0 = Release|Any CPU
		{8E92AE00-CE8E-4144-8EF7-A3DDF51B57D2}.Release|x86.ActiveCfg = Release|Any CPU
		{8E92AE00-CE8E-4144-8EF7-A3DDF51B57D2}.Release|x86.Build.0 = Release|Any CPU
	EndGlobalSection
	GlobalSection(SolutionProperties) = preSolution
		HideSolutionNode = FALSE
	EndGlobalSection
EndGlobal
